
Microsoft Visual Studio Solution File, Format Version 12.00
# Visual Studio Version 17
VisualStudioVersion = 17.0.31903.59
MinimumVisualStudioVersion = 10.0.40219.1
Project("{2150E333-8FDC-42A3-9474-1A3956D46DE8}") = "Compilers", "Compilers", "{02EA681E-C7D8-13C7-8484-4AC65E1B71E8}"
EndProject
Project("{FAE04EC0-301F-11D3-BF4B-00C04F79EFBC}") = "Qtyi.CodeAnalysis", "src\Compilers\Core\Portable\Qtyi.CodeAnalysis.csproj", "{3C48ADE2-AEE5-D28C-A6E4-47C95DE1101D}"
EndProject
Project("{2150E333-8FDC-42A3-9474-1A3956D46DE8}") = "Core", "Core", "{220EAB1D-BF1A-4834-A3D7-13EABE9059E0}"
EndProject
Project("{2150E333-8FDC-42A3-9474-1A3956D46DE8}") = "Lua", "Lua", "{0F6E9B68-6487-493A-B7F4-79BDEAF254ED}"
EndProject
Project("{2150E333-8FDC-42A3-9474-1A3956D46DE8}") = "Tools", "Tools", "{1E6BED79-88E6-403F-86E7-7E2E6F282A8B}"
EndProject
Project("{2150E333-8FDC-42A3-9474-1A3956D46DE8}") = "Source", "Source", "{1C9AE1B1-D300-414D-B8E2-F65725F89AAE}"
EndProject
Project("{FAE04EC0-301F-11D3-BF4B-00C04F79EFBC}") = "Qtyi.CodeAnalysis.Lua", "src\Compilers\Lua\Portable\Qtyi.CodeAnalysis.Lua.csproj", "{8B9D8712-C2ED-F2B1-3247-46DB829AC6C6}"
EndProject
Project("{2150E333-8FDC-42A3-9474-1A3956D46DE8}") = "MoonScript", "MoonScript", "{D860CC59-1F77-4498-9844-5CCEF2393E3A}"
EndProject
Project("{FAE04EC0-301F-11D3-BF4B-00C04F79EFBC}") = "Qtyi.CodeAnalysis.MoonScript", "src\Compilers\MoonScript\Portable\Qtyi.CodeAnalysis.MoonScript.csproj", "{C9E3A08E-997D-FC33-B6C0-5F87668684F3}"
EndProject
Project("{FAE04EC0-301F-11D3-BF4B-00C04F79EFBC}") = "luac", "src\Compilers\Lua\luac\AnyCpu\luac.csproj", "{EF153503-E532-8D85-9725-42A9E81B4268}"
EndProject
Project("{FAE04EC0-301F-11D3-BF4B-00C04F79EFBC}") = "luac-arm64", "src\Compilers\Lua\luac\arm64\luac-arm64.csproj", "{D5A12E5E-E21C-0344-DD54-335D20FE4342}"
EndProject
Project("{FAE04EC0-301F-11D3-BF4B-00C04F79EFBC}") = "moonc", "src\Compilers\MoonScript\moonc\AnyCpu\moonc.csproj", "{4215D73E-C6FB-AAA6-C12C-CCE2E2DF00DB}"
EndProject
Project("{FAE04EC0-301F-11D3-BF4B-00C04F79EFBC}") = "moonc-arm64", "src\Compilers\MoonScript\moonc\arm64\moonc-arm64.csproj", "{74C68C68-6FF1-86F8-18E0-553074E19E92}"
EndProject
Project("{2150E333-8FDC-42A3-9474-1A3956D46DE8}") = "Dependencies", "Dependencies", "{9E06D4DC-5443-44B4-AF20-34723C6AB958}"
EndProject
Project("{FAE04EC0-301F-11D3-BF4B-00C04F79EFBC}") = "Lua.Corelib", "src\Dependencies\Lua.Corelib\Lua.Corelib.csproj", "{46229848-2A0B-0EDA-D3F9-92FFC99B77B3}"
EndProject
Project("{FAE04EC0-301F-11D3-BF4B-00C04F79EFBC}") = "Qtyi.CodeAnalysis.CommandLine", "src\Compilers\Core\CommandLine\Qtyi.CodeAnalysis.CommandLine.csproj", "{6C38D55F-6C44-FB1D-C0B5-006C38B27293}"
EndProject
Project("{FAE04EC0-301F-11D3-BF4B-00C04F79EFBC}") = "CommandLineSourceGenerators", "src\Tools\Source\src\Compilers\CommandLine\CommandLineSourceGenerators.csproj", "{6ADD36F7-5D64-8E6E-BC8B-5F4A3E134C3D}"
EndProject
Project("{FAE04EC0-301F-11D3-BF4B-00C04F79EFBC}") = "Luna.Test.PdbUtilities", "src\Test\PdbUtilities\Luna.Test.PdbUtilities.csproj", "{35FF74F8-561E-0792-CD42-E6438B4CD337}"
EndProject
Project("{FAE04EC0-301F-11D3-BF4B-00C04F79EFBC}") = "Qtyi.CodeAnalysis.Compiler.Test.Resources", "src\Compilers\Test\Resources\Core\Qtyi.CodeAnalysis.Compiler.Test.Resources.csproj", "{6E03B667-E3B8-201E-4003-499B2D2AF288}"
EndProject
Project("{FAE04EC0-301F-11D3-BF4B-00C04F79EFBC}") = "Qtyi.CodeAnalysis.UnitTests", "src\Compilers\Core\CodeAnalysisTest\Qtyi.CodeAnalysis.UnitTests.csproj", "{D02A1910-64BA-C601-71AD-73C91FC520D8}"
EndProject
Project("{FAE04EC0-301F-11D3-BF4B-00C04F79EFBC}") = "Qtyi.CodeAnalysis.MoonScript.Test.Utilities", "src\Compilers\Test\Utilities\MoonScript\Qtyi.CodeAnalysis.MoonScript.Test.Utilities.csproj", "{CFCF71C4-E878-DFA4-2E50-D748ED91CD9D}"
EndProject
Project("{FAE04EC0-301F-11D3-BF4B-00C04F79EFBC}") = "Qtyi.CodeAnalysis.Lua.Test.Utilities", "src\Compilers\Test\Utilities\Lua\Qtyi.CodeAnalysis.Lua.Test.Utilities.csproj", "{D0BC4431-F408-7E1C-C635-C047BC2873A7}"
EndProject
Project("{FAE04EC0-301F-11D3-BF4B-00C04F79EFBC}") = "Qtyi.CodeAnalysis.Test.Utilities", "src\Compilers\Test\Utilities\Core\Qtyi.CodeAnalysis.Test.Utilities.csproj", "{350CF14C-0A48-094C-3C89-B61E328FEE7F}"
EndProject
Project("{FAE04EC0-301F-11D3-BF4B-00C04F79EFBC}") = "Qtyi.CodeAnalysis.Lua.Syntax.UnitTests", "src\Compilers\Lua\Test\Syntax\Qtyi.CodeAnalysis.Lua.Syntax.UnitTests.csproj", "{EFE52847-1C96-81D5-ED2F-12E23B4F772B}"
EndProject
Project("{FAE04EC0-301F-11D3-BF4B-00C04F79EFBC}") = "Qtyi.CodeAnalysis.MoonScript.Syntax.UnitTests", "src\Compilers\MoonScript\Test\Syntax\Qtyi.CodeAnalysis.MoonScript.Syntax.UnitTests.csproj", "{FA12D625-5401-13C5-E222-D607B53817BB}"
EndProject
Project("{FAE04EC0-301F-11D3-BF4B-00C04F79EFBC}") = "CodeAnalysisCompilerTestResourcesSourceGenerators", "src\Tools\Source\src\Compilers\Test\CodeAnalysisCompilerTestResourcesSourceGenerators\CodeAnalysisCompilerTestResourcesSourceGenerators.csproj", "{473A21E3-EBCE-816C-1319-6802DB137AFD}"
EndProject
Project("{FAE04EC0-301F-11D3-BF4B-00C04F79EFBC}") = "Luna.Tools.Source", "src\Tools\Source\src\Shared\Luna.Tools.Source.csproj", "{DF8372C5-973F-D865-8221-CC7E7C14B71F}"
EndProject
Project("{2150E333-8FDC-42A3-9474-1A3956D46DE8}") = "Core", "Core", "{5EDB0B7D-F428-403A-844D-89C590C07326}"
EndProject
Project("{FAE04EC0-301F-11D3-BF4B-00C04F79EFBC}") = "Luna.Tools.Source.CodeAnalysis", "src\Tools\Source\src\Compilers\CodeAnalysis\Core\Luna.Tools.Source.CodeAnalysis.csproj", "{46E7CF1A-032A-F43C-4DFA-DE2EDAF24682}"
EndProject
Project("{FAE04EC0-301F-11D3-BF4B-00C04F79EFBC}") = "LuaCodeAnalysisSourceGeneration", "src\Tools\Source\src\Compilers\CodeAnalysis\LuaCodeAnalysisSourceGeneration\LuaCodeAnalysisSourceGeneration.csproj", "{099F049C-5EAF-C564-56F8-25C94E65BD0F}"
EndProject
Project("{FAE04EC0-301F-11D3-BF4B-00C04F79EFBC}") = "MoonScriptCodeAnalysisSourceGeneration", "src\Tools\Source\src\Compilers\CodeAnalysis\MoonScriptCodeAnalysisSourceGeneration\MoonScriptCodeAnalysisSourceGeneration.csproj", "{21C801FD-E0FB-A35E-8F25-0975E6049AC1}"
EndProject
Global
	GlobalSection(SolutionConfigurationPlatforms) = preSolution
		Debug|Any CPU = Debug|Any CPU
		Release|Any CPU = Release|Any CPU
	EndGlobalSection
	GlobalSection(ProjectConfigurationPlatforms) = postSolution
		{3C48ADE2-AEE5-D28C-A6E4-47C95DE1101D}.Debug|Any CPU.ActiveCfg = Debug|Any CPU
		{3C48ADE2-AEE5-D28C-A6E4-47C95DE1101D}.Debug|Any CPU.Build.0 = Debug|Any CPU
		{3C48ADE2-AEE5-D28C-A6E4-47C95DE1101D}.Release|Any CPU.ActiveCfg = Release|Any CPU
		{3C48ADE2-AEE5-D28C-A6E4-47C95DE1101D}.Release|Any CPU.Build.0 = Release|Any CPU
		{8B9D8712-C2ED-F2B1-3247-46DB829AC6C6}.Debug|Any CPU.ActiveCfg = Debug|Any CPU
		{8B9D8712-C2ED-F2B1-3247-46DB829AC6C6}.Debug|Any CPU.Build.0 = Debug|Any CPU
		{8B9D8712-C2ED-F2B1-3247-46DB829AC6C6}.Release|Any CPU.ActiveCfg = Release|Any CPU
		{8B9D8712-C2ED-F2B1-3247-46DB829AC6C6}.Release|Any CPU.Build.0 = Release|Any CPU
		{C9E3A08E-997D-FC33-B6C0-5F87668684F3}.Debug|Any CPU.ActiveCfg = Debug|Any CPU
		{C9E3A08E-997D-FC33-B6C0-5F87668684F3}.Debug|Any CPU.Build.0 = Debug|Any CPU
		{C9E3A08E-997D-FC33-B6C0-5F87668684F3}.Release|Any CPU.ActiveCfg = Release|Any CPU
		{C9E3A08E-997D-FC33-B6C0-5F87668684F3}.Release|Any CPU.Build.0 = Release|Any CPU
		{EF153503-E532-8D85-9725-42A9E81B4268}.Debug|Any CPU.ActiveCfg = Debug|Any CPU
		{EF153503-E532-8D85-9725-42A9E81B4268}.Debug|Any CPU.Build.0 = Debug|Any CPU
		{EF153503-E532-8D85-9725-42A9E81B4268}.Release|Any CPU.ActiveCfg = Release|Any CPU
		{EF153503-E532-8D85-9725-42A9E81B4268}.Release|Any CPU.Build.0 = Release|Any CPU
		{D5A12E5E-E21C-0344-DD54-335D20FE4342}.Debug|Any CPU.ActiveCfg = Debug|Any CPU
		{D5A12E5E-E21C-0344-DD54-335D20FE4342}.Debug|Any CPU.Build.0 = Debug|Any CPU
		{D5A12E5E-E21C-0344-DD54-335D20FE4342}.Release|Any CPU.ActiveCfg = Release|Any CPU
		{D5A12E5E-E21C-0344-DD54-335D20FE4342}.Release|Any CPU.Build.0 = Release|Any CPU
		{4215D73E-C6FB-AAA6-C12C-CCE2E2DF00DB}.Debug|Any CPU.ActiveCfg = Debug|Any CPU
		{4215D73E-C6FB-AAA6-C12C-CCE2E2DF00DB}.Debug|Any CPU.Build.0 = Debug|Any CPU
		{4215D73E-C6FB-AAA6-C12C-CCE2E2DF00DB}.Release|Any CPU.ActiveCfg = Release|Any CPU
		{4215D73E-C6FB-AAA6-C12C-CCE2E2DF00DB}.Release|Any CPU.Build.0 = Release|Any CPU
		{74C68C68-6FF1-86F8-18E0-553074E19E92}.Debug|Any CPU.ActiveCfg = Debug|Any CPU
		{74C68C68-6FF1-86F8-18E0-553074E19E92}.Debug|Any CPU.Build.0 = Debug|Any CPU
		{74C68C68-6FF1-86F8-18E0-553074E19E92}.Release|Any CPU.ActiveCfg = Release|Any CPU
		{74C68C68-6FF1-86F8-18E0-553074E19E92}.Release|Any CPU.Build.0 = Release|Any CPU
		{46229848-2A0B-0EDA-D3F9-92FFC99B77B3}.Debug|Any CPU.ActiveCfg = Debug|Any CPU
		{46229848-2A0B-0EDA-D3F9-92FFC99B77B3}.Debug|Any CPU.Build.0 = Debug|Any CPU
		{46229848-2A0B-0EDA-D3F9-92FFC99B77B3}.Release|Any CPU.ActiveCfg = Release|Any CPU
		{46229848-2A0B-0EDA-D3F9-92FFC99B77B3}.Release|Any CPU.Build.0 = Release|Any CPU
		{6C38D55F-6C44-FB1D-C0B5-006C38B27293}.Debug|Any CPU.ActiveCfg = Debug|Any CPU
		{6C38D55F-6C44-FB1D-C0B5-006C38B27293}.Debug|Any CPU.Build.0 = Debug|Any CPU
		{6C38D55F-6C44-FB1D-C0B5-006C38B27293}.Release|Any CPU.ActiveCfg = Release|Any CPU
		{6C38D55F-6C44-FB1D-C0B5-006C38B27293}.Release|Any CPU.Build.0 = Release|Any CPU
		{6ADD36F7-5D64-8E6E-BC8B-5F4A3E134C3D}.Debug|Any CPU.ActiveCfg = Debug|Any CPU
		{6ADD36F7-5D64-8E6E-BC8B-5F4A3E134C3D}.Debug|Any CPU.Build.0 = Debug|Any CPU
		{6ADD36F7-5D64-8E6E-BC8B-5F4A3E134C3D}.Release|Any CPU.ActiveCfg = Release|Any CPU
		{6ADD36F7-5D64-8E6E-BC8B-5F4A3E134C3D}.Release|Any CPU.Build.0 = Release|Any CPU
		{35FF74F8-561E-0792-CD42-E6438B4CD337}.Debug|Any CPU.ActiveCfg = Debug|Any CPU
		{35FF74F8-561E-0792-CD42-E6438B4CD337}.Debug|Any CPU.Build.0 = Debug|Any CPU
		{35FF74F8-561E-0792-CD42-E6438B4CD337}.Release|Any CPU.ActiveCfg = Release|Any CPU
		{35FF74F8-561E-0792-CD42-E6438B4CD337}.Release|Any CPU.Build.0 = Release|Any CPU
		{6E03B667-E3B8-201E-4003-499B2D2AF288}.Debug|Any CPU.ActiveCfg = Debug|Any CPU
		{6E03B667-E3B8-201E-4003-499B2D2AF288}.Debug|Any CPU.Build.0 = Debug|Any CPU
		{6E03B667-E3B8-201E-4003-499B2D2AF288}.Release|Any CPU.ActiveCfg = Release|Any CPU
		{6E03B667-E3B8-201E-4003-499B2D2AF288}.Release|Any CPU.Build.0 = Release|Any CPU
		{D02A1910-64BA-C601-71AD-73C91FC520D8}.Debug|Any CPU.ActiveCfg = Debug|Any CPU
		{D02A1910-64BA-C601-71AD-73C91FC520D8}.Debug|Any CPU.Build.0 = Debug|Any CPU
		{D02A1910-64BA-C601-71AD-73C91FC520D8}.Release|Any CPU.ActiveCfg = Release|Any CPU
		{D02A1910-64BA-C601-71AD-73C91FC520D8}.Release|Any CPU.Build.0 = Release|Any CPU
		{CFCF71C4-E878-DFA4-2E50-D748ED91CD9D}.Debug|Any CPU.ActiveCfg = Debug|Any CPU
		{CFCF71C4-E878-DFA4-2E50-D748ED91CD9D}.Debug|Any CPU.Build.0 = Debug|Any CPU
		{CFCF71C4-E878-DFA4-2E50-D748ED91CD9D}.Release|Any CPU.ActiveCfg = Release|Any CPU
		{CFCF71C4-E878-DFA4-2E50-D748ED91CD9D}.Release|Any CPU.Build.0 = Release|Any CPU
		{D0BC4431-F408-7E1C-C635-C047BC2873A7}.Debug|Any CPU.ActiveCfg = Debug|Any CPU
		{D0BC4431-F408-7E1C-C635-C047BC2873A7}.Debug|Any CPU.Build.0 = Debug|Any CPU
		{D0BC4431-F408-7E1C-C635-C047BC2873A7}.Release|Any CPU.ActiveCfg = Release|Any CPU
		{D0BC4431-F408-7E1C-C635-C047BC2873A7}.Release|Any CPU.Build.0 = Release|Any CPU
		{350CF14C-0A48-094C-3C89-B61E328FEE7F}.Debug|Any CPU.ActiveCfg = Debug|Any CPU
		{350CF14C-0A48-094C-3C89-B61E328FEE7F}.Debug|Any CPU.Build.0 = Debug|Any CPU
		{350CF14C-0A48-094C-3C89-B61E328FEE7F}.Release|Any CPU.ActiveCfg = Release|Any CPU
		{350CF14C-0A48-094C-3C89-B61E328FEE7F}.Release|Any CPU.Build.0 = Release|Any CPU
		{EFE52847-1C96-81D5-ED2F-12E23B4F772B}.Debug|Any CPU.ActiveCfg = Debug|Any CPU
		{EFE52847-1C96-81D5-ED2F-12E23B4F772B}.Debug|Any CPU.Build.0 = Debug|Any CPU
		{EFE52847-1C96-81D5-ED2F-12E23B4F772B}.Release|Any CPU.ActiveCfg = Release|Any CPU
		{EFE52847-1C96-81D5-ED2F-12E23B4F772B}.Release|Any CPU.Build.0 = Release|Any CPU
		{FA12D625-5401-13C5-E222-D607B53817BB}.Debug|Any CPU.ActiveCfg = Debug|Any CPU
		{FA12D625-5401-13C5-E222-D607B53817BB}.Debug|Any CPU.Build.0 = Debug|Any CPU
		{FA12D625-5401-13C5-E222-D607B53817BB}.Release|Any CPU.ActiveCfg = Release|Any CPU
		{FA12D625-5401-13C5-E222-D607B53817BB}.Release|Any CPU.Build.0 = Release|Any CPU
		{473A21E3-EBCE-816C-1319-6802DB137AFD}.Debug|Any CPU.ActiveCfg = Debug|Any CPU
		{473A21E3-EBCE-816C-1319-6802DB137AFD}.Debug|Any CPU.Build.0 = Debug|Any CPU
		{473A21E3-EBCE-816C-1319-6802DB137AFD}.Release|Any CPU.ActiveCfg = Release|Any CPU
		{473A21E3-EBCE-816C-1319-6802DB137AFD}.Release|Any CPU.Build.0 = Release|Any CPU
		{DF8372C5-973F-D865-8221-CC7E7C14B71F}.Debug|Any CPU.ActiveCfg = Debug|Any CPU
		{DF8372C5-973F-D865-8221-CC7E7C14B71F}.Debug|Any CPU.Build.0 = Debug|Any CPU
		{DF8372C5-973F-D865-8221-CC7E7C14B71F}.Release|Any CPU.ActiveCfg = Release|Any CPU
		{DF8372C5-973F-D865-8221-CC7E7C14B71F}.Release|Any CPU.Build.0 = Release|Any CPU
		{46E7CF1A-032A-F43C-4DFA-DE2EDAF24682}.Debug|Any CPU.ActiveCfg = Debug|Any CPU
		{46E7CF1A-032A-F43C-4DFA-DE2EDAF24682}.Debug|Any CPU.Build.0 = Debug|Any CPU
		{46E7CF1A-032A-F43C-4DFA-DE2EDAF24682}.Release|Any CPU.ActiveCfg = Release|Any CPU
		{46E7CF1A-032A-F43C-4DFA-DE2EDAF24682}.Release|Any CPU.Build.0 = Release|Any CPU
		{099F049C-5EAF-C564-56F8-25C94E65BD0F}.Debug|Any CPU.ActiveCfg = Debug|Any CPU
		{099F049C-5EAF-C564-56F8-25C94E65BD0F}.Debug|Any CPU.Build.0 = Debug|Any CPU
		{099F049C-5EAF-C564-56F8-25C94E65BD0F}.Release|Any CPU.ActiveCfg = Release|Any CPU
		{099F049C-5EAF-C564-56F8-25C94E65BD0F}.Release|Any CPU.Build.0 = Release|Any CPU
		{21C801FD-E0FB-A35E-8F25-0975E6049AC1}.Debug|Any CPU.ActiveCfg = Debug|Any CPU
		{21C801FD-E0FB-A35E-8F25-0975E6049AC1}.Debug|Any CPU.Build.0 = Debug|Any CPU
		{21C801FD-E0FB-A35E-8F25-0975E6049AC1}.Release|Any CPU.ActiveCfg = Release|Any CPU
		{21C801FD-E0FB-A35E-8F25-0975E6049AC1}.Release|Any CPU.Build.0 = Release|Any CPU
	EndGlobalSection
	GlobalSection(SolutionProperties) = preSolution
		HideSolutionNode = FALSE
	EndGlobalSection
	GlobalSection(NestedProjects) = preSolution
		{3C48ADE2-AEE5-D28C-A6E4-47C95DE1101D} = {220EAB1D-BF1A-4834-A3D7-13EABE9059E0}
		{220EAB1D-BF1A-4834-A3D7-13EABE9059E0} = {02EA681E-C7D8-13C7-8484-4AC65E1B71E8}
		{0F6E9B68-6487-493A-B7F4-79BDEAF254ED} = {02EA681E-C7D8-13C7-8484-4AC65E1B71E8}
		{1C9AE1B1-D300-414D-B8E2-F65725F89AAE} = {1E6BED79-88E6-403F-86E7-7E2E6F282A8B}
		{8B9D8712-C2ED-F2B1-3247-46DB829AC6C6} = {0F6E9B68-6487-493A-B7F4-79BDEAF254ED}
		{D860CC59-1F77-4498-9844-5CCEF2393E3A} = {02EA681E-C7D8-13C7-8484-4AC65E1B71E8}
		{C9E3A08E-997D-FC33-B6C0-5F87668684F3} = {D860CC59-1F77-4498-9844-5CCEF2393E3A}
		{EF153503-E532-8D85-9725-42A9E81B4268} = {0F6E9B68-6487-493A-B7F4-79BDEAF254ED}
		{D5A12E5E-E21C-0344-DD54-335D20FE4342} = {0F6E9B68-6487-493A-B7F4-79BDEAF254ED}
		{4215D73E-C6FB-AAA6-C12C-CCE2E2DF00DB} = {D860CC59-1F77-4498-9844-5CCEF2393E3A}
		{74C68C68-6FF1-86F8-18E0-553074E19E92} = {D860CC59-1F77-4498-9844-5CCEF2393E3A}
		{46229848-2A0B-0EDA-D3F9-92FFC99B77B3} = {9E06D4DC-5443-44B4-AF20-34723C6AB958}
		{6C38D55F-6C44-FB1D-C0B5-006C38B27293} = {220EAB1D-BF1A-4834-A3D7-13EABE9059E0}
		{6ADD36F7-5D64-8E6E-BC8B-5F4A3E134C3D} = {1C9AE1B1-D300-414D-B8E2-F65725F89AAE}
		{35FF74F8-561E-0792-CD42-E6438B4CD337} = {220EAB1D-BF1A-4834-A3D7-13EABE9059E0}
		{6E03B667-E3B8-201E-4003-499B2D2AF288} = {220EAB1D-BF1A-4834-A3D7-13EABE9059E0}
		{D02A1910-64BA-C601-71AD-73C91FC520D8} = {220EAB1D-BF1A-4834-A3D7-13EABE9059E0}
		{CFCF71C4-E878-DFA4-2E50-D748ED91CD9D} = {D860CC59-1F77-4498-9844-5CCEF2393E3A}
		{D0BC4431-F408-7E1C-C635-C047BC2873A7} = {0F6E9B68-6487-493A-B7F4-79BDEAF254ED}
		{350CF14C-0A48-094C-3C89-B61E328FEE7F} = {220EAB1D-BF1A-4834-A3D7-13EABE9059E0}
		{EFE52847-1C96-81D5-ED2F-12E23B4F772B} = {0F6E9B68-6487-493A-B7F4-79BDEAF254ED}
		{FA12D625-5401-13C5-E222-D607B53817BB} = {D860CC59-1F77-4498-9844-5CCEF2393E3A}
		{473A21E3-EBCE-816C-1319-6802DB137AFD} = {1C9AE1B1-D300-414D-B8E2-F65725F89AAE}
		{DF8372C5-973F-D865-8221-CC7E7C14B71F} = {5EDB0B7D-F428-403A-844D-89C590C07326}
		{5EDB0B7D-F428-403A-844D-89C590C07326} = {1C9AE1B1-D300-414D-B8E2-F65725F89AAE}
		{46E7CF1A-032A-F43C-4DFA-DE2EDAF24682} = {5EDB0B7D-F428-403A-844D-89C590C07326}
		{099F049C-5EAF-C564-56F8-25C94E65BD0F} = {1C9AE1B1-D300-414D-B8E2-F65725F89AAE}
		{21C801FD-E0FB-A35E-8F25-0975E6049AC1} = {1C9AE1B1-D300-414D-B8E2-F65725F89AAE}
	EndGlobalSection
	GlobalSection(ExtensibilityGlobals) = postSolution
		SolutionGuid = {081C835B-AE12-4822-9C5F-B10CD7EB3980}
	EndGlobalSection
EndGlobal
