
Microsoft Visual Studio Solution File, Format Version 12.00
# Visual Studio Version 17
VisualStudioVersion = 17.3.32721.290
MinimumVisualStudioVersion = 10.0.40219.1
Project("{9A19103F-16F7-4668-BE54-9A1E7A4F7556}") = "Luna.Compilers.Simulators", "src\Luna.Compilers.Simulators\Luna.Compilers.Simulators.csproj", "{410635C7-7EDE-4B7C-91D4-936BD88B80C7}"
EndProject
Project("{2150E333-8FDC-42A3-9474-1A3956D46DE8}") = "Core", "Core", "{9650D8E7-E0AE-4E93-9CBE-72F1109E1B31}"
EndProject
Project("{9A19103F-16F7-4668-BE54-9A1E7A4F7556}") = "SyntaxRender", "src\SyntaxRender\SyntaxRender.csproj", "{88B6F4AB-2595-4EE3-8A7B-88CCD8EFFA41}"
EndProject
Project("{9A19103F-16F7-4668-BE54-9A1E7A4F7556}") = "Luna.Compilers.Simulators.Tasks", "src\Luna.Compilers.Simulators.Tasks\Luna.Compilers.Simulators.Tasks.csproj", "{3650B696-F78B-4BEC-887E-249AC9588889}"
EndProject
Project("{9A19103F-16F7-4668-BE54-9A1E7A4F7556}") = "Qtyi.CodeAnalysis.Lua", "..\..\Compilers\Lua\Portable\Qtyi.CodeAnalysis.Lua.csproj", "{EEF5E16A-4BFC-4A51-B068-D5EEBEADBE70}"
EndProject
Project("{9A19103F-16F7-4668-BE54-9A1E7A4F7556}") = "Qtyi.CodeAnalysis.MoonScript", "..\..\Compilers\MoonScript\Portable\Qtyi.CodeAnalysis.MoonScript.csproj", "{1116103B-0181-46C8-9950-5993DC251831}"
EndProject
Project("{D954291E-2A0B-460D-934E-DC6B0785DB48}") = "Qtyi.CodeAnalysis.Shared", "..\..\Compilers\Shared\CodeAnalysis\Qtyi.CodeAnalysis.Shared.shproj", "{48CCBB50-B9E9-4A5A-AD46-91D80519B95E}"
EndProject
Project("{D954291E-2A0B-460D-934E-DC6B0785DB48}") = "CodeAnalysisGenerators.Shared", "..\Source\CompilerGeneratorTools\src\Shared\CodeAnalysisGenerators.Shared.shproj", "{B2D21490-8284-48C7-8E96-85EBFB70C11F}"
EndProject
Project("{9A19103F-16F7-4668-BE54-9A1E7A4F7556}") = "LuaCodeAnalysisSourceGenerators", "..\Source\CompilerGeneratorTools\src\LuaCodeAnalysisSourceGenerators\LuaCodeAnalysisSourceGenerators.csproj", "{0BBE3AFE-C3EB-421F-B1FE-3ADC514B0429}"
EndProject
Project("{9A19103F-16F7-4668-BE54-9A1E7A4F7556}") = "MoonScriptCodeAnalysisSourceGenerators", "..\Source\CompilerGeneratorTools\src\MoonScriptCodeAnalysisSourceGenerators\MoonScriptCodeAnalysisSourceGenerators.csproj", "{8C8B7BCF-906B-445A-8298-F736B5EC2BBA}"
EndProject
Project("{2150E333-8FDC-42A3-9474-1A3956D46DE8}") = "Tools", "Tools", "{B72A5BE4-89BD-4B20-9213-82A5B07BC277}"
EndProject
Project("{9A19103F-16F7-4668-BE54-9A1E7A4F7556}") = "RoslynSimulators", "src\RoslynSimulators\RoslynSimulators.csproj", "{654315AB-DFBE-48DB-97EE-CA915500FD19}"
EndProject
Project("{9A19103F-16F7-4668-BE54-9A1E7A4F7556}") = "Qtyi.CodeAnalysis", "..\..\Compilers\Core\Portable\Qtyi.CodeAnalysis.csproj", "{EB5AF5C2-AD1B-4424-9C55-C7E31A47FC78}"
EndProject
Project("{9A19103F-16F7-4668-BE54-9A1E7A4F7556}") = "Luna.Compilers.Simulators.Wpf", "src\Luna.Compilers.Simulators.Wpf\Luna.Compilers.Simulators.Wpf.csproj", "{A9882D81-4F7F-417F-845D-1C44F62256B1}"
EndProject
Project("{9A19103F-16F7-4668-BE54-9A1E7A4F7556}") = "LunaSimulators", "src\LunaSimulators\LunaSimulators.csproj", "{CE74DEE2-E56F-46C0-A77D-3E9F0E8FD518}"
EndProject
Project("{9A19103F-16F7-4668-BE54-9A1E7A4F7556}") = "SyntaxSimulator", "src\SyntaxSimulator\SyntaxSimulator.csproj", "{3861EB3E-AB0C-4D43-863C-CB38F09855A4}"
EndProject
Global
	GlobalSection(SolutionConfigurationPlatforms) = preSolution
		Debug|Any CPU = Debug|Any CPU
		Release|Any CPU = Release|Any CPU
		Testing|Any CPU = Testing|Any CPU
	EndGlobalSection
	GlobalSection(ProjectConfigurationPlatforms) = postSolution
		{410635C7-7EDE-4B7C-91D4-936BD88B80C7}.Debug|Any CPU.ActiveCfg = Debug|Any CPU
		{410635C7-7EDE-4B7C-91D4-936BD88B80C7}.Debug|Any CPU.Build.0 = Debug|Any CPU
		{410635C7-7EDE-4B7C-91D4-936BD88B80C7}.Release|Any CPU.ActiveCfg = Release|Any CPU
		{410635C7-7EDE-4B7C-91D4-936BD88B80C7}.Release|Any CPU.Build.0 = Release|Any CPU
		{410635C7-7EDE-4B7C-91D4-936BD88B80C7}.Testing|Any CPU.ActiveCfg = Debug|Any CPU
		{410635C7-7EDE-4B7C-91D4-936BD88B80C7}.Testing|Any CPU.Build.0 = Debug|Any CPU
		{88B6F4AB-2595-4EE3-8A7B-88CCD8EFFA41}.Debug|Any CPU.ActiveCfg = Debug|Any CPU
		{88B6F4AB-2595-4EE3-8A7B-88CCD8EFFA41}.Debug|Any CPU.Build.0 = Debug|Any CPU
		{88B6F4AB-2595-4EE3-8A7B-88CCD8EFFA41}.Release|Any CPU.ActiveCfg = Release|Any CPU
		{88B6F4AB-2595-4EE3-8A7B-88CCD8EFFA41}.Release|Any CPU.Build.0 = Release|Any CPU
		{88B6F4AB-2595-4EE3-8A7B-88CCD8EFFA41}.Testing|Any CPU.ActiveCfg = Debug|Any CPU
		{88B6F4AB-2595-4EE3-8A7B-88CCD8EFFA41}.Testing|Any CPU.Build.0 = Debug|Any CPU
		{3650B696-F78B-4BEC-887E-249AC9588889}.Debug|Any CPU.ActiveCfg = Debug|Any CPU
		{3650B696-F78B-4BEC-887E-249AC9588889}.Debug|Any CPU.Build.0 = Debug|Any CPU
		{3650B696-F78B-4BEC-887E-249AC9588889}.Release|Any CPU.ActiveCfg = Release|Any CPU
		{3650B696-F78B-4BEC-887E-249AC9588889}.Release|Any CPU.Build.0 = Release|Any CPU
		{3650B696-F78B-4BEC-887E-249AC9588889}.Testing|Any CPU.ActiveCfg = Debug|Any CPU
		{3650B696-F78B-4BEC-887E-249AC9588889}.Testing|Any CPU.Build.0 = Debug|Any CPU
		{EEF5E16A-4BFC-4A51-B068-D5EEBEADBE70}.Debug|Any CPU.ActiveCfg = Debug|Any CPU
		{EEF5E16A-4BFC-4A51-B068-D5EEBEADBE70}.Debug|Any CPU.Build.0 = Debug|Any CPU
		{EEF5E16A-4BFC-4A51-B068-D5EEBEADBE70}.Release|Any CPU.ActiveCfg = Release|Any CPU
		{EEF5E16A-4BFC-4A51-B068-D5EEBEADBE70}.Release|Any CPU.Build.0 = Release|Any CPU
		{EEF5E16A-4BFC-4A51-B068-D5EEBEADBE70}.Testing|Any CPU.ActiveCfg = Testing|Any CPU
		{EEF5E16A-4BFC-4A51-B068-D5EEBEADBE70}.Testing|Any CPU.Build.0 = Testing|Any CPU
		{1116103B-0181-46C8-9950-5993DC251831}.Debug|Any CPU.ActiveCfg = Debug|Any CPU
		{1116103B-0181-46C8-9950-5993DC251831}.Debug|Any CPU.Build.0 = Debug|Any CPU
		{1116103B-0181-46C8-9950-5993DC251831}.Release|Any CPU.ActiveCfg = Release|Any CPU
		{1116103B-0181-46C8-9950-5993DC251831}.Release|Any CPU.Build.0 = Release|Any CPU
		{1116103B-0181-46C8-9950-5993DC251831}.Testing|Any CPU.ActiveCfg = Testing|Any CPU
		{1116103B-0181-46C8-9950-5993DC251831}.Testing|Any CPU.Build.0 = Testing|Any CPU
		{0BBE3AFE-C3EB-421F-B1FE-3ADC514B0429}.Debug|Any CPU.ActiveCfg = Debug|Any CPU
		{0BBE3AFE-C3EB-421F-B1FE-3ADC514B0429}.Debug|Any CPU.Build.0 = Debug|Any CPU
		{0BBE3AFE-C3EB-421F-B1FE-3ADC514B0429}.Release|Any CPU.ActiveCfg = Release|Any CPU
		{0BBE3AFE-C3EB-421F-B1FE-3ADC514B0429}.Release|Any CPU.Build.0 = Release|Any CPU
		{0BBE3AFE-C3EB-421F-B1FE-3ADC514B0429}.Testing|Any CPU.ActiveCfg = Debug|Any CPU
		{0BBE3AFE-C3EB-421F-B1FE-3ADC514B0429}.Testing|Any CPU.Build.0 = Debug|Any CPU
		{8C8B7BCF-906B-445A-8298-F736B5EC2BBA}.Debug|Any CPU.ActiveCfg = Debug|Any CPU
		{8C8B7BCF-906B-445A-8298-F736B5EC2BBA}.Debug|Any CPU.Build.0 = Debug|Any CPU
		{8C8B7BCF-906B-445A-8298-F736B5EC2BBA}.Release|Any CPU.ActiveCfg = Release|Any CPU
		{8C8B7BCF-906B-445A-8298-F736B5EC2BBA}.Release|Any CPU.Build.0 = Release|Any CPU
		{8C8B7BCF-906B-445A-8298-F736B5EC2BBA}.Testing|Any CPU.ActiveCfg = Debug|Any CPU
		{8C8B7BCF-906B-445A-8298-F736B5EC2BBA}.Testing|Any CPU.Build.0 = Debug|Any CPU
		{654315AB-DFBE-48DB-97EE-CA915500FD19}.Debug|Any CPU.ActiveCfg = Debug|Any CPU
		{654315AB-DFBE-48DB-97EE-CA915500FD19}.Debug|Any CPU.Build.0 = Debug|Any CPU
		{654315AB-DFBE-48DB-97EE-CA915500FD19}.Release|Any CPU.ActiveCfg = Release|Any CPU
		{654315AB-DFBE-48DB-97EE-CA915500FD19}.Release|Any CPU.Build.0 = Release|Any CPU
		{654315AB-DFBE-48DB-97EE-CA915500FD19}.Testing|Any CPU.ActiveCfg = Debug|Any CPU
		{654315AB-DFBE-48DB-97EE-CA915500FD19}.Testing|Any CPU.Build.0 = Debug|Any CPU
		{EB5AF5C2-AD1B-4424-9C55-C7E31A47FC78}.Debug|Any CPU.ActiveCfg = Debug|Any CPU
		{EB5AF5C2-AD1B-4424-9C55-C7E31A47FC78}.Debug|Any CPU.Build.0 = Debug|Any CPU
		{EB5AF5C2-AD1B-4424-9C55-C7E31A47FC78}.Release|Any CPU.ActiveCfg = Release|Any CPU
		{EB5AF5C2-AD1B-4424-9C55-C7E31A47FC78}.Release|Any CPU.Build.0 = Release|Any CPU
		{EB5AF5C2-AD1B-4424-9C55-C7E31A47FC78}.Testing|Any CPU.ActiveCfg = Debug|Any CPU
		{EB5AF5C2-AD1B-4424-9C55-C7E31A47FC78}.Testing|Any CPU.Build.0 = Debug|Any CPU
		{A9882D81-4F7F-417F-845D-1C44F62256B1}.Debug|Any CPU.ActiveCfg = Debug|Any CPU
		{A9882D81-4F7F-417F-845D-1C44F62256B1}.Debug|Any CPU.Build.0 = Debug|Any CPU
		{A9882D81-4F7F-417F-845D-1C44F62256B1}.Release|Any CPU.ActiveCfg = Release|Any CPU
		{A9882D81-4F7F-417F-845D-1C44F62256B1}.Release|Any CPU.Build.0 = Release|Any CPU
		{A9882D81-4F7F-417F-845D-1C44F62256B1}.Testing|Any CPU.ActiveCfg = Debug|Any CPU
		{A9882D81-4F7F-417F-845D-1C44F62256B1}.Testing|Any CPU.Build.0 = Debug|Any CPU
		{CE74DEE2-E56F-46C0-A77D-3E9F0E8FD518}.Debug|Any CPU.ActiveCfg = Debug|Any CPU
		{CE74DEE2-E56F-46C0-A77D-3E9F0E8FD518}.Debug|Any CPU.Build.0 = Debug|Any CPU
		{CE74DEE2-E56F-46C0-A77D-3E9F0E8FD518}.Release|Any CPU.ActiveCfg = Release|Any CPU
		{CE74DEE2-E56F-46C0-A77D-3E9F0E8FD518}.Release|Any CPU.Build.0 = Release|Any CPU
		{CE74DEE2-E56F-46C0-A77D-3E9F0E8FD518}.Testing|Any CPU.ActiveCfg = Debug|Any CPU
		{CE74DEE2-E56F-46C0-A77D-3E9F0E8FD518}.Testing|Any CPU.Build.0 = Debug|Any CPU
		{3861EB3E-AB0C-4D43-863C-CB38F09855A4}.Debug|Any CPU.ActiveCfg = Debug|Any CPU
		{3861EB3E-AB0C-4D43-863C-CB38F09855A4}.Debug|Any CPU.Build.0 = Debug|Any CPU
		{3861EB3E-AB0C-4D43-863C-CB38F09855A4}.Release|Any CPU.ActiveCfg = Release|Any CPU
		{3861EB3E-AB0C-4D43-863C-CB38F09855A4}.Release|Any CPU.Build.0 = Release|Any CPU
		{3861EB3E-AB0C-4D43-863C-CB38F09855A4}.Testing|Any CPU.ActiveCfg = Debug|Any CPU
		{3861EB3E-AB0C-4D43-863C-CB38F09855A4}.Testing|Any CPU.Build.0 = Debug|Any CPU
	EndGlobalSection
	GlobalSection(SolutionProperties) = preSolution
		HideSolutionNode = FALSE
	EndGlobalSection
	GlobalSection(NestedProjects) = preSolution
		{EEF5E16A-4BFC-4A51-B068-D5EEBEADBE70} = {9650D8E7-E0AE-4E93-9CBE-72F1109E1B31}
		{1116103B-0181-46C8-9950-5993DC251831} = {9650D8E7-E0AE-4E93-9CBE-72F1109E1B31}
		{48CCBB50-B9E9-4A5A-AD46-91D80519B95E} = {9650D8E7-E0AE-4E93-9CBE-72F1109E1B31}
		{B2D21490-8284-48C7-8E96-85EBFB70C11F} = {B72A5BE4-89BD-4B20-9213-82A5B07BC277}
		{0BBE3AFE-C3EB-421F-B1FE-3ADC514B0429} = {B72A5BE4-89BD-4B20-9213-82A5B07BC277}
		{8C8B7BCF-906B-445A-8298-F736B5EC2BBA} = {B72A5BE4-89BD-4B20-9213-82A5B07BC277}
		{B72A5BE4-89BD-4B20-9213-82A5B07BC277} = {9650D8E7-E0AE-4E93-9CBE-72F1109E1B31}
		{EB5AF5C2-AD1B-4424-9C55-C7E31A47FC78} = {9650D8E7-E0AE-4E93-9CBE-72F1109E1B31}
	EndGlobalSection
	GlobalSection(ExtensibilityGlobals) = postSolution
		SolutionGuid = {6EA3F796-1490-4996-95C2-7CDACAD47F44}
	EndGlobalSection
	GlobalSection(SharedMSBuildProjectFiles) = preSolution
		..\Source\CompilerGeneratorTools\src\Shared\CodeAnalysisGenerators.Shared.projitems*{0bbe3afe-c3eb-421f-b1fe-3adc514b0429}*SharedItemsImports = 5
		..\..\Compilers\Shared\CodeAnalysis\Qtyi.CodeAnalysis.Shared.projitems*{1116103b-0181-46c8-9950-5993dc251831}*SharedItemsImports = 5
		..\..\Compilers\Shared\CodeAnalysis\Qtyi.CodeAnalysis.Shared.projitems*{48ccbb50-b9e9-4a5a-ad46-91d80519b95e}*SharedItemsImports = 13
		..\Source\CompilerGeneratorTools\src\Shared\CodeAnalysisGenerators.Shared.projitems*{8c8b7bcf-906b-445a-8298-f736b5ec2bba}*SharedItemsImports = 5
		..\Source\CompilerGeneratorTools\src\Shared\CodeAnalysisGenerators.Shared.projitems*{b2d21490-8284-48c7-8e96-85ebfb70c11f}*SharedItemsImports = 13
		..\..\Compilers\Shared\CodeAnalysis\Qtyi.CodeAnalysis.Shared.projitems*{eef5e16a-4bfc-4a51-b068-d5eebeadbe70}*SharedItemsImports = 5
	EndGlobalSection
EndGlobal
