
Microsoft Visual Studio Solution File, Format Version 12.00
# Visual Studio Version 17
VisualStudioVersion = 17.3.32611.2
MinimumVisualStudioVersion = 10.0.40219.1
Project("{9A19103F-16F7-4668-BE54-9A1E7A4F7556}") = "CompilersBoundTreeGenerator", "src\BoundTreeGenerator\CompilersBoundTreeGenerator.csproj", "{02459936-CD2C-4F61-B671-5C518F2A3DDC}"
EndProject
Project("{9A19103F-16F7-4668-BE54-9A1E7A4F7556}") = "CompilersIOperationGenerator", "src\IOperationGenerator\CompilersIOperationGenerator.csproj", "{78B6E516-9909-4B10-B831-577F28C469DD}"
EndProject
Project("{D954291E-2A0B-460D-934E-DC6B0785DB48}") = "SyntaxGenerator.Shared", "src\Shared\SyntaxGenerator.Shared.shproj", "{663ACC36-C493-4FA5-B8D7-A5124CB30514}"
EndProject
Project("{D954291E-2A0B-460D-934E-DC6B0785DB48}") = "ErrorFactsGenerators.Shared", "src\Shared\ErrorFactsGenerators.Shared.shproj", "{16D73FFE-6BEC-4064-A313-898B5E231B6A}"
EndProject
Project("{2150E333-8FDC-42A3-9474-1A3956D46DE8}") = "Core", "Core", "{8D97F96D-BC12-459B-A46C-38BD2C817183}"
EndProject
Project("{2150E333-8FDC-42A3-9474-1A3956D46DE8}") = "Lua", "Lua", "{081DE8C4-8C41-4253-A297-0054911EBF8F}"
EndProject
Project("{9A19103F-16F7-4668-BE54-9A1E7A4F7556}") = "LuaCodeAnalysisSourceGenerators", "src\LuaCodeAnalysisSourceGenerators\LuaCodeAnalysisSourceGenerators.csproj", "{37FD3ADD-848F-492B-89D8-F874FD4EFF21}"
EndProject
Project("{9A19103F-16F7-4668-BE54-9A1E7A4F7556}") = "LuaSyntaxGenerator", "src\LuaCodeAnalysisSourceGenerators\LuaSyntaxGenerator.csproj", "{99FE6F53-13AF-4D94-B13F-B3803E9DF22A}"
EndProject
Project("{9A19103F-16F7-4668-BE54-9A1E7A4F7556}") = "LuaErrorFactsGenerator", "src\LuaCodeAnalysisSourceGenerators\LuaErrorFactsGenerator.csproj", "{5A1EAADD-DC3E-450B-9922-2F77C13FA160}"
EndProject
Project("{D954291E-2A0B-460D-934E-DC6B0785DB48}") = "CodeAnalysisGenerators.Shared", "src\Shared\CodeAnalysisGenerators.Shared.shproj", "{B2D21490-8284-48C7-8E96-85EBFB70C11F}"
EndProject
Project("{2150E333-8FDC-42A3-9474-1A3956D46DE8}") = "MoonScript", "MoonScript", "{D5E3A6DA-929E-4B6B-9849-7DA0E411D5C2}"
EndProject
Project("{9A19103F-16F7-4668-BE54-9A1E7A4F7556}") = "MoonScriptCodeAnalysisSourceGenerators", "src\MoonScriptCodeAnalysisSourceGenerators\MoonScriptCodeAnalysisSourceGenerators.csproj", "{469FA24E-8DDB-496A-A75B-40B082830D80}"
EndProject
Project("{9A19103F-16F7-4668-BE54-9A1E7A4F7556}") = "MoonScriptSyntaxGenerator", "src\MoonScriptCodeAnalysisSourceGenerators\MoonScriptSyntaxGenerator.csproj", "{BA77D25A-2565-4C89-898A-54B5CDB59C8B}"
EndProject
Project("{9A19103F-16F7-4668-BE54-9A1E7A4F7556}") = "MoonScriptErrorFactsGenerator", "src\MoonScriptCodeAnalysisSourceGenerators\MoonScriptErrorFactsGenerator.csproj", "{427FE16C-7A31-4BE7-A951-D45AFA842F41}"
EndProject
Global
	GlobalSection(SolutionConfigurationPlatforms) = preSolution
		Debug|Any CPU = Debug|Any CPU
		Release|Any CPU = Release|Any CPU
	EndGlobalSection
	GlobalSection(ProjectConfigurationPlatforms) = postSolution
		{02459936-CD2C-4F61-B671-5C518F2A3DDC}.Debug|Any CPU.ActiveCfg = Debug|x64
		{02459936-CD2C-4F61-B671-5C518F2A3DDC}.Debug|Any CPU.Build.0 = Debug|x64
		{02459936-CD2C-4F61-B671-5C518F2A3DDC}.Release|Any CPU.ActiveCfg = Release|x64
		{02459936-CD2C-4F61-B671-5C518F2A3DDC}.Release|Any CPU.Build.0 = Release|x64
		{78B6E516-9909-4B10-B831-577F28C469DD}.Debug|Any CPU.ActiveCfg = Debug|Any CPU
		{78B6E516-9909-4B10-B831-577F28C469DD}.Debug|Any CPU.Build.0 = Debug|Any CPU
		{78B6E516-9909-4B10-B831-577F28C469DD}.Release|Any CPU.ActiveCfg = Release|Any CPU
		{78B6E516-9909-4B10-B831-577F28C469DD}.Release|Any CPU.Build.0 = Release|Any CPU
		{37FD3ADD-848F-492B-89D8-F874FD4EFF21}.Debug|Any CPU.ActiveCfg = Debug|Any CPU
		{37FD3ADD-848F-492B-89D8-F874FD4EFF21}.Debug|Any CPU.Build.0 = Debug|Any CPU
		{37FD3ADD-848F-492B-89D8-F874FD4EFF21}.Release|Any CPU.ActiveCfg = Release|Any CPU
		{37FD3ADD-848F-492B-89D8-F874FD4EFF21}.Release|Any CPU.Build.0 = Release|Any CPU
		{99FE6F53-13AF-4D94-B13F-B3803E9DF22A}.Debug|Any CPU.ActiveCfg = Debug|Any CPU
		{99FE6F53-13AF-4D94-B13F-B3803E9DF22A}.Debug|Any CPU.Build.0 = Debug|Any CPU
		{99FE6F53-13AF-4D94-B13F-B3803E9DF22A}.Release|Any CPU.ActiveCfg = Release|Any CPU
		{99FE6F53-13AF-4D94-B13F-B3803E9DF22A}.Release|Any CPU.Build.0 = Release|Any CPU
		{5A1EAADD-DC3E-450B-9922-2F77C13FA160}.Debug|Any CPU.ActiveCfg = Debug|Any CPU
		{5A1EAADD-DC3E-450B-9922-2F77C13FA160}.Debug|Any CPU.Build.0 = Debug|Any CPU
		{5A1EAADD-DC3E-450B-9922-2F77C13FA160}.Release|Any CPU.ActiveCfg = Release|Any CPU
		{5A1EAADD-DC3E-450B-9922-2F77C13FA160}.Release|Any CPU.Build.0 = Release|Any CPU
		{469FA24E-8DDB-496A-A75B-40B082830D80}.Debug|Any CPU.ActiveCfg = Debug|Any CPU
		{469FA24E-8DDB-496A-A75B-40B082830D80}.Debug|Any CPU.Build.0 = Debug|Any CPU
		{469FA24E-8DDB-496A-A75B-40B082830D80}.Release|Any CPU.ActiveCfg = Release|Any CPU
		{469FA24E-8DDB-496A-A75B-40B082830D80}.Release|Any CPU.Build.0 = Release|Any CPU
		{BA77D25A-2565-4C89-898A-54B5CDB59C8B}.Debug|Any CPU.ActiveCfg = Debug|Any CPU
		{BA77D25A-2565-4C89-898A-54B5CDB59C8B}.Debug|Any CPU.Build.0 = Debug|Any CPU
		{BA77D25A-2565-4C89-898A-54B5CDB59C8B}.Release|Any CPU.ActiveCfg = Release|Any CPU
		{BA77D25A-2565-4C89-898A-54B5CDB59C8B}.Release|Any CPU.Build.0 = Release|Any CPU
		{427FE16C-7A31-4BE7-A951-D45AFA842F41}.Debug|Any CPU.ActiveCfg = Debug|Any CPU
		{427FE16C-7A31-4BE7-A951-D45AFA842F41}.Debug|Any CPU.Build.0 = Debug|Any CPU
		{427FE16C-7A31-4BE7-A951-D45AFA842F41}.Release|Any CPU.ActiveCfg = Release|Any CPU
		{427FE16C-7A31-4BE7-A951-D45AFA842F41}.Release|Any CPU.Build.0 = Release|Any CPU
	EndGlobalSection
	GlobalSection(SolutionProperties) = preSolution
		HideSolutionNode = FALSE
	EndGlobalSection
	GlobalSection(NestedProjects) = preSolution
		{663ACC36-C493-4FA5-B8D7-A5124CB30514} = {8D97F96D-BC12-459B-A46C-38BD2C817183}
		{16D73FFE-6BEC-4064-A313-898B5E231B6A} = {8D97F96D-BC12-459B-A46C-38BD2C817183}
		{37FD3ADD-848F-492B-89D8-F874FD4EFF21} = {081DE8C4-8C41-4253-A297-0054911EBF8F}
		{99FE6F53-13AF-4D94-B13F-B3803E9DF22A} = {081DE8C4-8C41-4253-A297-0054911EBF8F}
		{5A1EAADD-DC3E-450B-9922-2F77C13FA160} = {081DE8C4-8C41-4253-A297-0054911EBF8F}
		{B2D21490-8284-48C7-8E96-85EBFB70C11F} = {8D97F96D-BC12-459B-A46C-38BD2C817183}
		{469FA24E-8DDB-496A-A75B-40B082830D80} = {D5E3A6DA-929E-4B6B-9849-7DA0E411D5C2}
		{BA77D25A-2565-4C89-898A-54B5CDB59C8B} = {D5E3A6DA-929E-4B6B-9849-7DA0E411D5C2}
		{427FE16C-7A31-4BE7-A951-D45AFA842F41} = {D5E3A6DA-929E-4B6B-9849-7DA0E411D5C2}
	EndGlobalSection
	GlobalSection(ExtensibilityGlobals) = postSolution
		SolutionGuid = {111669A5-6F61-4184-AAA6-EE639B755D1F}
	EndGlobalSection
	GlobalSection(SharedMSBuildProjectFiles) = preSolution
		src\Shared\ErrorFactsGenerators.Shared.projitems*{16d73ffe-6bec-4064-a313-898b5e231b6a}*SharedItemsImports = 13
		src\Shared\CodeAnalysisGenerators.Shared.projitems*{37fd3add-848f-492b-89d8-f874fd4eff21}*SharedItemsImports = 5
		src\Shared\ErrorFactsGenerators.Shared.projitems*{427fe16c-7a31-4be7-a951-d45afa842f41}*SharedItemsImports = 5
		src\Shared\CodeAnalysisGenerators.Shared.projitems*{469fa24e-8ddb-496a-a75b-40b082830d80}*SharedItemsImports = 5
		src\Shared\ErrorFactsGenerators.Shared.projitems*{5a1eaadd-dc3e-450b-9922-2f77c13fa160}*SharedItemsImports = 5
		src\Shared\SyntaxGenerator.Shared.projitems*{663acc36-c493-4fa5-b8d7-a5124cb30514}*SharedItemsImports = 13
		src\Shared\SyntaxGenerator.Shared.projitems*{99fe6f53-13af-4d94-b13f-b3803e9df22a}*SharedItemsImports = 5
		src\Shared\CodeAnalysisGenerators.Shared.projitems*{b2d21490-8284-48c7-8e96-85ebfb70c11f}*SharedItemsImports = 13
		src\Shared\SyntaxGenerator.Shared.projitems*{ba77d25a-2565-4c89-898a-54b5cdb59c8b}*SharedItemsImports = 5
	EndGlobalSection
EndGlobal
